
Microsoft Visual Studio Solution File, Format Version 12.00
# Visual Studio Version 17
VisualStudioVersion = 17.5.33424.131
MinimumVisualStudioVersion = 10.0.40219.1
Project("{9A19103F-16F7-4668-BE54-9A1E7A4F7556}") = "Woo.Observer.Client", "..\Woo.Observer.Client\Woo.Observer.Client.csproj", "{5FCD3677-DD5A-4FEA-8898-EABAD53805DD}"
EndProject
Project("{9A19103F-16F7-4668-BE54-9A1E7A4F7556}") = "Woo.Observer.HostServer", "..\Woo.Observer.HostServer\Woo.Observer.HostServer.csproj", "{45FFF8D5-6419-4509-AEB2-07D6299FAC49}"
EndProject
Project("{9A19103F-16F7-4668-BE54-9A1E7A4F7556}") = "Woo.Observer.Server", "..\Woo.Observer.Server\Woo.Observer.Server.csproj", "{BC5BE2D5-B23F-4B72-ABD6-4CCEC4D518D4}"
EndProject
Project("{2150E333-8FDC-42A3-9474-1A3956D46DE8}") = "ObserverChat", "ObserverChat", "{F6DB59CB-819A-4E89-B04D-755734C8DF3C}"
EndProject
Project("{9A19103F-16F7-4668-BE54-9A1E7A4F7556}") = "Woo.RazorTemp", "Woo.RazorTemp\Woo.RazorTemp.csproj", "{B4FB80A2-8FF9-4D33-BB74-E6FB43548B11}"
EndProject
Project("{9A19103F-16F7-4668-BE54-9A1E7A4F7556}") = "Woo.RazorLight", "Woo.RazorLight\Woo.RazorLight.csproj", "{C6CBC76A-1288-4EC1-A89D-A5BB3141927C}"
EndProject
Project("{2150E333-8FDC-42A3-9474-1A3956D46DE8}") = "RazorCode", "RazorCode", "{463047C6-BEC5-4ACF-9947-788FAC9D6936}"
EndProject
Project("{9A19103F-16F7-4668-BE54-9A1E7A4F7556}") = "Woo.Models", "Woo.Models\Woo.Models.csproj", "{3D4C7482-64A7-449D-9356-1B83A95EEF90}"
EndProject
Project("{9A19103F-16F7-4668-BE54-9A1E7A4F7556}") = "TestConsole", "TestConsole\TestConsole.csproj", "{DC00FC18-819B-499D-9694-65DDFEB4B726}"
EndProject
Project("{2150E333-8FDC-42A3-9474-1A3956D46DE8}") = "MSBuild", "MSBuild", "{1F9BBD14-0BB8-408A-835F-83EB673A5113}"
EndProject
Project("{9A19103F-16F7-4668-BE54-9A1E7A4F7556}") = "Woo.Code.MSBuild", "Woo.Code.MSBuild\Woo.Code.MSBuild.csproj", "{28DBA968-AD74-4946-90BB-8614A7561851}"
EndProject
Project("{9A19103F-16F7-4668-BE54-9A1E7A4F7556}") = "HelloWorld", "HelloWorld\HelloWorld.csproj", "{D958B986-8378-4745-BA76-8E4474085FCC}"
EndProject
Project("{9A19103F-16F7-4668-BE54-9A1E7A4F7556}") = "MSBuildTask", "MSBuildTask\MSBuildTask.csproj", "{038CC81D-0C33-4799-839D-D78D4534DCE5}"
EndProject
Project("{2150E333-8FDC-42A3-9474-1A3956D46DE8}") = "MSBuildTask", "MSBuildTask", "{E8BB90DE-28AD-41EE-8F45-B1A34A1B7698}"
EndProject
Project("{FAE04EC0-301F-11D3-BF4B-00C04F79EFBC}") = "FirstBuildTask", "FirstBuildTask\FirstBuildTask.csproj", "{A33D5801-9747-4BD4-8A1C-CE64D0494391}"
EndProject
Project("{9A19103F-16F7-4668-BE54-9A1E7A4F7556}") = "SampleTaskApp", "SampleTaskApp\SampleTaskApp.csproj", "{72FD9C9A-02D0-4F07-95F6-DA57F641D5F7}"
EndProject
Project("{9A19103F-16F7-4668-BE54-9A1E7A4F7556}") = "WooFirstTask", "WooFirstTask\WooFirstTask.csproj", "{1AF2EE5F-2C40-4CD5-AC37-3F2402FFA95E}"
EndProject
Project("{9A19103F-16F7-4668-BE54-9A1E7A4F7556}") = "WooTest7", "WooTest7\WooTest7.csproj", "{44B9B575-2A04-4833-87F3-B7FFE0398705}"
EndProject
Project("{2150E333-8FDC-42A3-9474-1A3956D46DE8}") = "MsBuildTask2", "MsBuildTask2", "{CCD060B7-588C-4516-B369-181860012407}"
EndProject
Project("{9A19103F-16F7-4668-BE54-9A1E7A4F7556}") = "WooTask", "WooTask\WooTask.csproj", "{9740B3DE-FFB4-4CBA-85C2-B23D61C356E2}"
EndProject
Project("{9A19103F-16F7-4668-BE54-9A1E7A4F7556}") = "ApplyTask", "ApplyTask\ApplyTask.csproj", "{FDCB3965-1BB9-4E0C-B89F-D7F0E212F4A2}"
EndProject
Project("{9A19103F-16F7-4668-BE54-9A1E7A4F7556}") = "WooTemp", "WooTemp\WooTemp.csproj", "{1F8B2050-3FAF-45E2-8A74-F0ABA8090788}"
EndProject
Project("{2150E333-8FDC-42A3-9474-1A3956D46DE8}") = "MsBuildTask7", "MsBuildTask7", "{C0F68D7E-2FAD-4094-B52C-F49C13FB8641}"
EndProject
Project("{9A19103F-16F7-4668-BE54-9A1E7A4F7556}") = "WooTask7", "WooTask7\WooTask7.csproj", "{9A075893-0ED9-4957-8B4C-21E8326599E6}"
EndProject
Project("{9A19103F-16F7-4668-BE54-9A1E7A4F7556}") = "ApplyTask8.MSBuild", "ApplyTask8\ApplyTask8.MSBuild.csproj", "{2D86DC12-EC48-4217-A78F-9B0EC080CC3F}"
EndProject
Project("{FAE04EC0-301F-11D3-BF4B-00C04F79EFBC}") = "TestApp", "TestApp\TestApp.csproj", "{8789FF71-AFF8-4D35-9B49-A6F687C1C56E}"
EndProject
Global
	GlobalSection(SolutionConfigurationPlatforms) = preSolution
		Debug|Any CPU = Debug|Any CPU
		Release|Any CPU = Release|Any CPU
	EndGlobalSection
	GlobalSection(ProjectConfigurationPlatforms) = postSolution
		{5FCD3677-DD5A-4FEA-8898-EABAD53805DD}.Debug|Any CPU.ActiveCfg = Debug|Any CPU
		{5FCD3677-DD5A-4FEA-8898-EABAD53805DD}.Debug|Any CPU.Build.0 = Debug|Any CPU
		{5FCD3677-DD5A-4FEA-8898-EABAD53805DD}.Release|Any CPU.ActiveCfg = Release|Any CPU
		{5FCD3677-DD5A-4FEA-8898-EABAD53805DD}.Release|Any CPU.Build.0 = Release|Any CPU
		{45FFF8D5-6419-4509-AEB2-07D6299FAC49}.Debug|Any CPU.ActiveCfg = Debug|Any CPU
		{45FFF8D5-6419-4509-AEB2-07D6299FAC49}.Debug|Any CPU.Build.0 = Debug|Any CPU
		{45FFF8D5-6419-4509-AEB2-07D6299FAC49}.Release|Any CPU.ActiveCfg = Release|Any CPU
		{45FFF8D5-6419-4509-AEB2-07D6299FAC49}.Release|Any CPU.Build.0 = Release|Any CPU
		{BC5BE2D5-B23F-4B72-ABD6-4CCEC4D518D4}.Debug|Any CPU.ActiveCfg = Debug|Any CPU
		{BC5BE2D5-B23F-4B72-ABD6-4CCEC4D518D4}.Debug|Any CPU.Build.0 = Debug|Any CPU
		{BC5BE2D5-B23F-4B72-ABD6-4CCEC4D518D4}.Release|Any CPU.ActiveCfg = Release|Any CPU
		{BC5BE2D5-B23F-4B72-ABD6-4CCEC4D518D4}.Release|Any CPU.Build.0 = Release|Any CPU
		{B4FB80A2-8FF9-4D33-BB74-E6FB43548B11}.Debug|Any CPU.ActiveCfg = Debug|Any CPU
		{B4FB80A2-8FF9-4D33-BB74-E6FB43548B11}.Debug|Any CPU.Build.0 = Debug|Any CPU
		{B4FB80A2-8FF9-4D33-BB74-E6FB43548B11}.Release|Any CPU.ActiveCfg = Release|Any CPU
		{B4FB80A2-8FF9-4D33-BB74-E6FB43548B11}.Release|Any CPU.Build.0 = Release|Any CPU
		{C6CBC76A-1288-4EC1-A89D-A5BB3141927C}.Debug|Any CPU.ActiveCfg = Debug|Any CPU
		{C6CBC76A-1288-4EC1-A89D-A5BB3141927C}.Debug|Any CPU.Build.0 = Debug|Any CPU
		{C6CBC76A-1288-4EC1-A89D-A5BB3141927C}.Release|Any CPU.ActiveCfg = Release|Any CPU
		{C6CBC76A-1288-4EC1-A89D-A5BB3141927C}.Release|Any CPU.Build.0 = Release|Any CPU
		{3D4C7482-64A7-449D-9356-1B83A95EEF90}.Debug|Any CPU.ActiveCfg = Debug|Any CPU
		{3D4C7482-64A7-449D-9356-1B83A95EEF90}.Debug|Any CPU.Build.0 = Debug|Any CPU
		{3D4C7482-64A7-449D-9356-1B83A95EEF90}.Release|Any CPU.ActiveCfg = Release|Any CPU
		{3D4C7482-64A7-449D-9356-1B83A95EEF90}.Release|Any CPU.Build.0 = Release|Any CPU
		{DC00FC18-819B-499D-9694-65DDFEB4B726}.Debug|Any CPU.ActiveCfg = Debug|Any CPU
		{DC00FC18-819B-499D-9694-65DDFEB4B726}.Debug|Any CPU.Build.0 = Debug|Any CPU
		{DC00FC18-819B-499D-9694-65DDFEB4B726}.Release|Any CPU.ActiveCfg = Release|Any CPU
		{DC00FC18-819B-499D-9694-65DDFEB4B726}.Release|Any CPU.Build.0 = Release|Any CPU
		{28DBA968-AD74-4946-90BB-8614A7561851}.Debug|Any CPU.ActiveCfg = Debug|Any CPU
		{28DBA968-AD74-4946-90BB-8614A7561851}.Debug|Any CPU.Build.0 = Debug|Any CPU
		{28DBA968-AD74-4946-90BB-8614A7561851}.Release|Any CPU.ActiveCfg = Release|Any CPU
		{28DBA968-AD74-4946-90BB-8614A7561851}.Release|Any CPU.Build.0 = Release|Any CPU
		{D958B986-8378-4745-BA76-8E4474085FCC}.Debug|Any CPU.ActiveCfg = Debug|Any CPU
		{D958B986-8378-4745-BA76-8E4474085FCC}.Debug|Any CPU.Build.0 = Debug|Any CPU
		{D958B986-8378-4745-BA76-8E4474085FCC}.Release|Any CPU.ActiveCfg = Release|Any CPU
		{D958B986-8378-4745-BA76-8E4474085FCC}.Release|Any CPU.Build.0 = Release|Any CPU
		{038CC81D-0C33-4799-839D-D78D4534DCE5}.Debug|Any CPU.ActiveCfg = Debug|Any CPU
		{038CC81D-0C33-4799-839D-D78D4534DCE5}.Debug|Any CPU.Build.0 = Debug|Any CPU
		{038CC81D-0C33-4799-839D-D78D4534DCE5}.Release|Any CPU.ActiveCfg = Release|Any CPU
		{038CC81D-0C33-4799-839D-D78D4534DCE5}.Release|Any CPU.Build.0 = Release|Any CPU
		{A33D5801-9747-4BD4-8A1C-CE64D0494391}.Debug|Any CPU.ActiveCfg = Debug|Any CPU
		{A33D5801-9747-4BD4-8A1C-CE64D0494391}.Debug|Any CPU.Build.0 = Debug|Any CPU
		{A33D5801-9747-4BD4-8A1C-CE64D0494391}.Release|Any CPU.ActiveCfg = Release|Any CPU
		{A33D5801-9747-4BD4-8A1C-CE64D0494391}.Release|Any CPU.Build.0 = Release|Any CPU
		{72FD9C9A-02D0-4F07-95F6-DA57F641D5F7}.Debug|Any CPU.ActiveCfg = Debug|Any CPU
		{72FD9C9A-02D0-4F07-95F6-DA57F641D5F7}.Debug|Any CPU.Build.0 = Debug|Any CPU
		{72FD9C9A-02D0-4F07-95F6-DA57F641D5F7}.Release|Any CPU.ActiveCfg = Release|Any CPU
		{72FD9C9A-02D0-4F07-95F6-DA57F641D5F7}.Release|Any CPU.Build.0 = Release|Any CPU
		{1AF2EE5F-2C40-4CD5-AC37-3F2402FFA95E}.Debug|Any CPU.ActiveCfg = Debug|Any CPU
		{1AF2EE5F-2C40-4CD5-AC37-3F2402FFA95E}.Debug|Any CPU.Build.0 = Debug|Any CPU
		{1AF2EE5F-2C40-4CD5-AC37-3F2402FFA95E}.Release|Any CPU.ActiveCfg = Release|Any CPU
		{1AF2EE5F-2C40-4CD5-AC37-3F2402FFA95E}.Release|Any CPU.Build.0 = Release|Any CPU
		{44B9B575-2A04-4833-87F3-B7FFE0398705}.Debug|Any CPU.ActiveCfg = Debug|Any CPU
		{44B9B575-2A04-4833-87F3-B7FFE0398705}.Debug|Any CPU.Build.0 = Debug|Any CPU
		{44B9B575-2A04-4833-87F3-B7FFE0398705}.Release|Any CPU.ActiveCfg = Release|Any CPU
		{44B9B575-2A04-4833-87F3-B7FFE0398705}.Release|Any CPU.Build.0 = Release|Any CPU
		{9740B3DE-FFB4-4CBA-85C2-B23D61C356E2}.Debug|Any CPU.ActiveCfg = Debug|Any CPU
		{9740B3DE-FFB4-4CBA-85C2-B23D61C356E2}.Debug|Any CPU.Build.0 = Debug|Any CPU
		{9740B3DE-FFB4-4CBA-85C2-B23D61C356E2}.Release|Any CPU.ActiveCfg = Release|Any CPU
		{9740B3DE-FFB4-4CBA-85C2-B23D61C356E2}.Release|Any CPU.Build.0 = Release|Any CPU
		{FDCB3965-1BB9-4E0C-B89F-D7F0E212F4A2}.Debug|Any CPU.ActiveCfg = Debug|Any CPU
		{FDCB3965-1BB9-4E0C-B89F-D7F0E212F4A2}.Debug|Any CPU.Build.0 = Debug|Any CPU
		{FDCB3965-1BB9-4E0C-B89F-D7F0E212F4A2}.Release|Any CPU.ActiveCfg = Release|Any CPU
		{FDCB3965-1BB9-4E0C-B89F-D7F0E212F4A2}.Release|Any CPU.Build.0 = Release|Any CPU
		{1F8B2050-3FAF-45E2-8A74-F0ABA8090788}.Debug|Any CPU.ActiveCfg = Debug|Any CPU
		{1F8B2050-3FAF-45E2-8A74-F0ABA8090788}.Debug|Any CPU.Build.0 = Debug|Any CPU
		{1F8B2050-3FAF-45E2-8A74-F0ABA8090788}.Release|Any CPU.ActiveCfg = Release|Any CPU
		{1F8B2050-3FAF-45E2-8A74-F0ABA8090788}.Release|Any CPU.Build.0 = Release|Any CPU
		{9A075893-0ED9-4957-8B4C-21E8326599E6}.Debug|Any CPU.ActiveCfg = Debug|Any CPU
		{9A075893-0ED9-4957-8B4C-21E8326599E6}.Debug|Any CPU.Build.0 = Debug|Any CPU
		{9A075893-0ED9-4957-8B4C-21E8326599E6}.Release|Any CPU.ActiveCfg = Release|Any CPU
		{9A075893-0ED9-4957-8B4C-21E8326599E6}.Release|Any CPU.Build.0 = Release|Any CPU
		{2D86DC12-EC48-4217-A78F-9B0EC080CC3F}.Debug|Any CPU.ActiveCfg = Debug|Any CPU
		{2D86DC12-EC48-4217-A78F-9B0EC080CC3F}.Debug|Any CPU.Build.0 = Debug|Any CPU
		{2D86DC12-EC48-4217-A78F-9B0EC080CC3F}.Release|Any CPU.ActiveCfg = Release|Any CPU
		{2D86DC12-EC48-4217-A78F-9B0EC080CC3F}.Release|Any CPU.Build.0 = Release|Any CPU
		{8789FF71-AFF8-4D35-9B49-A6F687C1C56E}.Debug|Any CPU.ActiveCfg = Debug|Any CPU
		{8789FF71-AFF8-4D35-9B49-A6F687C1C56E}.Debug|Any CPU.Build.0 = Debug|Any CPU
		{8789FF71-AFF8-4D35-9B49-A6F687C1C56E}.Release|Any CPU.ActiveCfg = Release|Any CPU
		{8789FF71-AFF8-4D35-9B49-A6F687C1C56E}.Release|Any CPU.Build.0 = Release|Any CPU
	EndGlobalSection
	GlobalSection(SolutionProperties) = preSolution
		HideSolutionNode = FALSE
	EndGlobalSection
	GlobalSection(NestedProjects) = preSolution
		{5FCD3677-DD5A-4FEA-8898-EABAD53805DD} = {F6DB59CB-819A-4E89-B04D-755734C8DF3C}
		{45FFF8D5-6419-4509-AEB2-07D6299FAC49} = {F6DB59CB-819A-4E89-B04D-755734C8DF3C}
		{BC5BE2D5-B23F-4B72-ABD6-4CCEC4D518D4} = {F6DB59CB-819A-4E89-B04D-755734C8DF3C}
		{B4FB80A2-8FF9-4D33-BB74-E6FB43548B11} = {463047C6-BEC5-4ACF-9947-788FAC9D6936}
		{C6CBC76A-1288-4EC1-A89D-A5BB3141927C} = {463047C6-BEC5-4ACF-9947-788FAC9D6936}
		{3D4C7482-64A7-449D-9356-1B83A95EEF90} = {463047C6-BEC5-4ACF-9947-788FAC9D6936}
		{28DBA968-AD74-4946-90BB-8614A7561851} = {1F9BBD14-0BB8-408A-835F-83EB673A5113}
		{D958B986-8378-4745-BA76-8E4474085FCC} = {1F9BBD14-0BB8-408A-835F-83EB673A5113}
		{038CC81D-0C33-4799-839D-D78D4534DCE5} = {1F9BBD14-0BB8-408A-835F-83EB673A5113}
		{A33D5801-9747-4BD4-8A1C-CE64D0494391} = {E8BB90DE-28AD-41EE-8F45-B1A34A1B7698}
		{72FD9C9A-02D0-4F07-95F6-DA57F641D5F7} = {E8BB90DE-28AD-41EE-8F45-B1A34A1B7698}
		{1AF2EE5F-2C40-4CD5-AC37-3F2402FFA95E} = {E8BB90DE-28AD-41EE-8F45-B1A34A1B7698}
		{44B9B575-2A04-4833-87F3-B7FFE0398705} = {E8BB90DE-28AD-41EE-8F45-B1A34A1B7698}
		{9740B3DE-FFB4-4CBA-85C2-B23D61C356E2} = {CCD060B7-588C-4516-B369-181860012407}
		{FDCB3965-1BB9-4E0C-B89F-D7F0E212F4A2} = {CCD060B7-588C-4516-B369-181860012407}
		{1F8B2050-3FAF-45E2-8A74-F0ABA8090788} = {CCD060B7-588C-4516-B369-181860012407}
		{9A075893-0ED9-4957-8B4C-21E8326599E6} = {C0F68D7E-2FAD-4094-B52C-F49C13FB8641}
		{2D86DC12-EC48-4217-A78F-9B0EC080CC3F} = {C0F68D7E-2FAD-4094-B52C-F49C13FB8641}
		{8789FF71-AFF8-4D35-9B49-A6F687C1C56E} = {C0F68D7E-2FAD-4094-B52C-F49C13FB8641}
	EndGlobalSection
	GlobalSection(ExtensibilityGlobals) = postSolution
		SolutionGuid = {4F141057-4D74-4E65-A134-064864BE5215}
	EndGlobalSection
EndGlobal
