
Microsoft Visual Studio Solution File, Format Version 12.00
# Visual Studio Version 17
VisualStudioVersion = 17.5.33424.131
MinimumVisualStudioVersion = 10.0.40219.1
Project("{9A19103F-16F7-4668-BE54-9A1E7A4F7556}") = "Woo.Observer.Client", "..\Woo.Observer.Client\Woo.Observer.Client.csproj", "{5FCD3677-DD5A-4FEA-8898-EABAD53805DD}"
EndProject
Project("{9A19103F-16F7-4668-BE54-9A1E7A4F7556}") = "Woo.Observer.HostServer", "..\Woo.Observer.HostServer\Woo.Observer.HostServer.csproj", "{45FFF8D5-6419-4509-AEB2-07D6299FAC49}"
EndProject
Project("{9A19103F-16F7-4668-BE54-9A1E7A4F7556}") = "Woo.Observer.Server", "..\Woo.Observer.Server\Woo.Observer.Server.csproj", "{BC5BE2D5-B23F-4B72-ABD6-4CCEC4D518D4}"
EndProject
Project("{2150E333-8FDC-42A3-9474-1A3956D46DE8}") = "ObserverChat", "ObserverChat", "{F6DB59CB-819A-4E89-B04D-755734C8DF3C}"
EndProject
Project("{FAE04EC0-301F-11D3-BF4B-00C04F79EFBC}") = "Woo.RazorTemp", "Woo.RazorTemp\Woo.RazorTemp.csproj", "{B4FB80A2-8FF9-4D33-BB74-E6FB43548B11}"
EndProject
Project("{FAE04EC0-301F-11D3-BF4B-00C04F79EFBC}") = "Woo.RazorLight", "Woo.RazorLight\Woo.RazorLight.csproj", "{C6CBC76A-1288-4EC1-A89D-A5BB3141927C}"
EndProject
Project("{2150E333-8FDC-42A3-9474-1A3956D46DE8}") = "RazorCode", "RazorCode", "{463047C6-BEC5-4ACF-9947-788FAC9D6936}"
EndProject
Project("{FAE04EC0-301F-11D3-BF4B-00C04F79EFBC}") = "Woo.Models", "Woo.Models\Woo.Models.csproj", "{3D4C7482-64A7-449D-9356-1B83A95EEF90}"
EndProject
Global
	GlobalSection(SolutionConfigurationPlatforms) = preSolution
		Debug|Any CPU = Debug|Any CPU
		Release|Any CPU = Release|Any CPU
	EndGlobalSection
	GlobalSection(ProjectConfigurationPlatforms) = postSolution
		{5FCD3677-DD5A-4FEA-8898-EABAD53805DD}.Debug|Any CPU.ActiveCfg = Debug|Any CPU
		{5FCD3677-DD5A-4FEA-8898-EABAD53805DD}.Debug|Any CPU.Build.0 = Debug|Any CPU
		{5FCD3677-DD5A-4FEA-8898-EABAD53805DD}.Release|Any CPU.ActiveCfg = Release|Any CPU
		{5FCD3677-DD5A-4FEA-8898-EABAD53805DD}.Release|Any CPU.Build.0 = Release|Any CPU
		{45FFF8D5-6419-4509-AEB2-07D6299FAC49}.Debug|Any CPU.ActiveCfg = Debug|Any CPU
		{45FFF8D5-6419-4509-AEB2-07D6299FAC49}.Debug|Any CPU.Build.0 = Debug|Any CPU
		{45FFF8D5-6419-4509-AEB2-07D6299FAC49}.Release|Any CPU.ActiveCfg = Release|Any CPU
		{45FFF8D5-6419-4509-AEB2-07D6299FAC49}.Release|Any CPU.Build.0 = Release|Any CPU
		{BC5BE2D5-B23F-4B72-ABD6-4CCEC4D518D4}.Debug|Any CPU.ActiveCfg = Debug|Any CPU
		{BC5BE2D5-B23F-4B72-ABD6-4CCEC4D518D4}.Debug|Any CPU.Build.0 = Debug|Any CPU
		{BC5BE2D5-B23F-4B72-ABD6-4CCEC4D518D4}.Release|Any CPU.ActiveCfg = Release|Any CPU
		{BC5BE2D5-B23F-4B72-ABD6-4CCEC4D518D4}.Release|Any CPU.Build.0 = Release|Any CPU
		{B4FB80A2-8FF9-4D33-BB74-E6FB43548B11}.Debug|Any CPU.ActiveCfg = Debug|Any CPU
		{B4FB80A2-8FF9-4D33-BB74-E6FB43548B11}.Debug|Any CPU.Build.0 = Debug|Any CPU
		{B4FB80A2-8FF9-4D33-BB74-E6FB43548B11}.Release|Any CPU.ActiveCfg = Release|Any CPU
		{B4FB80A2-8FF9-4D33-BB74-E6FB43548B11}.Release|Any CPU.Build.0 = Release|Any CPU
		{C6CBC76A-1288-4EC1-A89D-A5BB3141927C}.Debug|Any CPU.ActiveCfg = Debug|Any CPU
		{C6CBC76A-1288-4EC1-A89D-A5BB3141927C}.Debug|Any CPU.Build.0 = Debug|Any CPU
		{C6CBC76A-1288-4EC1-A89D-A5BB3141927C}.Release|Any CPU.ActiveCfg = Release|Any CPU
		{C6CBC76A-1288-4EC1-A89D-A5BB3141927C}.Release|Any CPU.Build.0 = Release|Any CPU
		{3D4C7482-64A7-449D-9356-1B83A95EEF90}.Debug|Any CPU.ActiveCfg = Debug|Any CPU
		{3D4C7482-64A7-449D-9356-1B83A95EEF90}.Debug|Any CPU.Build.0 = Debug|Any CPU
		{3D4C7482-64A7-449D-9356-1B83A95EEF90}.Release|Any CPU.ActiveCfg = Release|Any CPU
		{3D4C7482-64A7-449D-9356-1B83A95EEF90}.Release|Any CPU.Build.0 = Release|Any CPU
	EndGlobalSection
	GlobalSection(SolutionProperties) = preSolution
		HideSolutionNode = FALSE
	EndGlobalSection
	GlobalSection(NestedProjects) = preSolution
		{5FCD3677-DD5A-4FEA-8898-EABAD53805DD} = {F6DB59CB-819A-4E89-B04D-755734C8DF3C}
		{45FFF8D5-6419-4509-AEB2-07D6299FAC49} = {F6DB59CB-819A-4E89-B04D-755734C8DF3C}
		{BC5BE2D5-B23F-4B72-ABD6-4CCEC4D518D4} = {F6DB59CB-819A-4E89-B04D-755734C8DF3C}
		{B4FB80A2-8FF9-4D33-BB74-E6FB43548B11} = {463047C6-BEC5-4ACF-9947-788FAC9D6936}
		{C6CBC76A-1288-4EC1-A89D-A5BB3141927C} = {463047C6-BEC5-4ACF-9947-788FAC9D6936}
		{3D4C7482-64A7-449D-9356-1B83A95EEF90} = {463047C6-BEC5-4ACF-9947-788FAC9D6936}
	EndGlobalSection
	GlobalSection(ExtensibilityGlobals) = postSolution
		SolutionGuid = {4F141057-4D74-4E65-A134-064864BE5215}
	EndGlobalSection
EndGlobal
